{
  "version": 4,
  "terraform_version": "0.12.2",
  "serial": 4,
  "lineage": "39bec672-d126-42fc-065d-ee34f93505ec",
  "outputs": {
    "instance-ip": {
      "value": "35.233.234.165",
      "type": "string"
    }
  },
  "resources": [
    {
      "mode": "managed",
      "type": "google_compute_firewall",
      "name": "default",
      "provider": "provider.google",
      "instances": [
        {
          "schema_version": 1,
          "attributes": {
            "allow": [
              {
                "ports": [],
                "protocol": "tcp"
              }
            ],
            "creation_timestamp": "2019-07-16T16:20:14.961-07:00",
            "deny": [],
            "description": "",
            "destination_ranges": [],
            "direction": "INGRESS",
            "disabled": false,
            "id": "harbor-runner-firewall",
            "name": "harbor-runner-firewall",
            "network": "https://www.googleapis.com/compute/v1/projects/terraform-gcp-harbor/global/networks/terraform-gcp-harbor",
            "priority": 1000,
            "project": "terraform-gcp-harbor",
            "self_link": "https://www.googleapis.com/compute/v1/projects/terraform-gcp-harbor/global/firewalls/harbor-runner-firewall",
            "source_ranges": [
              "0.0.0.0/0"
            ],
            "source_service_accounts": null,
            "source_tags": null,
            "target_service_accounts": null,
            "target_tags": null,
            "timeouts": null
          },
          "private": "eyJlMmJmYjczMC1lY2FhLTExZTYtOGY4OC0zNDM2M2JjN2M0YzAiOnsiY3JlYXRlIjoyNDAwMDAwMDAwMDAsImRlbGV0ZSI6MjQwMDAwMDAwMDAwLCJ1cGRhdGUiOjI0MDAwMDAwMDAwMH0sInNjaGVtYV92ZXJzaW9uIjoiMSJ9"
        }
      ]
    },
    {
      "module": "module.harbor-runner-instance",
      "mode": "managed",
      "type": "google_compute_instance",
      "name": "runner",
      "provider": "provider.google",
      "instances": [
        {
          "schema_version": 6,
          "attributes": {
            "allow_stopping_for_update": true,
            "attached_disk": [],
            "boot_disk": [
              {
                "auto_delete": true,
                "device_name": "persistent-disk-0",
                "disk_encryption_key_raw": "",
                "disk_encryption_key_sha256": "",
                "initialize_params": [
                  {
                    "image": "https://www.googleapis.com/compute/v1/projects/ubuntu-os-cloud/global/images/ubuntu-1604-xenial-v20190617",
                    "size": 10,
                    "type": "pd-standard"
                  }
                ],
                "kms_key_self_link": "",
                "source": "https://www.googleapis.com/compute/v1/projects/terraform-gcp-harbor/zones/us-west1-a/disks/harbor-runner"
              }
            ],
            "can_ip_forward": false,
            "cpu_platform": "Intel Broadwell",
            "deletion_protection": false,
            "description": null,
            "disk": [],
            "guest_accelerator": [],
            "hostname": "",
            "id": "harbor-runner",
            "instance_id": "6323217289655346496",
            "label_fingerprint": "42WmSpB8rSM=",
            "labels": null,
            "machine_type": "n1-standard-4",
            "metadata": {
              "ssh-keys": "alexsnow:ssh-rsa AAAAB3NzaC1yc2EAAAADAQABAAABAQDG2/TxVUQpcaqhrgTTsQZ3k7UQdBx46wIC7XLTkEE7JOVByXffOTqRotU5gvCy4643Lh1TG5ZtUZHtB5y621xOuzinbqHZN6QkNSk/FFOl+3mVvZaJlKjyUeO6xiBgPz7A3pXdw1O4cw8B0b20TpAWeTeXHZ3scRR2BqFQ9Pn0r9IYME5iTnEvEIGmES5/Og53UUM9IvYTiSDVQKtolojrYfJCRbK8TNxB0dJlEZVIyYd87YhMLVYv2/GECHCzEKcSW16vcRWNP54CyGt2YrkdNnqU50LDZWsUv9uVGT0CccGKfmu+ArcxzkGkTHi517KnjddImqEuJD5+cJiGFZRj alexsnow@Administrators-MacBook-Pro.local\n"
            },
            "metadata_fingerprint": "2jqQ8KZN8Fg=",
            "metadata_startup_script": "",
            "min_cpu_platform": "",
            "name": "harbor-runner",
            "network_interface": [
              {
                "access_config": [
                  {
                    "assigned_nat_ip": "",
                    "nat_ip": "35.233.234.165",
                    "network_tier": "PREMIUM",
                    "public_ptr_domain_name": ""
                  }
                ],
                "address": "",
                "alias_ip_range": [],
                "name": "nic0",
                "network": "https://www.googleapis.com/compute/v1/projects/terraform-gcp-harbor/global/networks/terraform-gcp-harbor",
                "network_ip": "10.0.0.100",
                "subnetwork": "https://www.googleapis.com/compute/v1/projects/terraform-gcp-harbor/regions/us-west1/subnetworks/harbor-repo-0",
                "subnetwork_project": "terraform-gcp-harbor"
              }
            ],
            "project": "terraform-gcp-harbor",
            "scheduling": [
              {
                "automatic_restart": true,
                "node_affinities": [],
                "on_host_maintenance": "MIGRATE",
                "preemptible": false
              }
            ],
            "scratch_disk": [],
            "self_link": "https://www.googleapis.com/compute/v1/projects/terraform-gcp-harbor/zones/us-west1-a/instances/harbor-runner",
            "service_account": [],
            "shielded_instance_config": [],
            "tags": null,
            "tags_fingerprint": "42WmSpB8rSM=",
            "timeouts": null,
            "zone": "us-west1-a"
          },
          "private": "eyJlMmJmYjczMC1lY2FhLTExZTYtOGY4OC0zNDM2M2JjN2M0YzAiOnsiY3JlYXRlIjoxMjAwMDAwMDAwMDAwLCJkZWxldGUiOjEyMDAwMDAwMDAwMDAsInVwZGF0ZSI6MTIwMDAwMDAwMDAwMH0sInNjaGVtYV92ZXJzaW9uIjoiNiJ9"
        }
      ]
    },
    {
      "module": "module.harbor-runner-instance",
      "mode": "managed",
      "type": "null_resource",
      "name": "install-harbor",
      "provider": "provider.null",
      "instances": [
        {
          "schema_version": 0,
          "attributes": {
            "id": "818641683892152627",
            "triggers": null
          },
          "private": "bnVsbA==",
          "depends_on": [
            "google_compute_instance.runner"
          ]
        }
      ]
    }
  ]
}
